
Microsoft Visual Studio Solution File, Format Version 11.00
# Visual Studio 2010
Project("{FAE04EC0-301F-11D3-BF4B-00C04F79EFBC}") = "navMesh", "Assembly-CSharp.csproj", "{F5BBB03E-844E-A055-EA99-9C1E1BA2A9F9}"
EndProject
Project("{FAE04EC0-301F-11D3-BF4B-00C04F79EFBC}") = "navMesh", "Assembly-CSharp-Editor.csproj", "{A40A2791-70BE-25FE-E544-89C7AD216F81}"
EndProject
Global
	GlobalSection(SolutionConfigurationPlatforms) = preSolution
		Debug|Any CPU = Debug|Any CPU
		Release|Any CPU = Release|Any CPU
	EndGlobalSection
	GlobalSection(ProjectConfigurationPlatforms) = postSolution
		{F5BBB03E-844E-A055-EA99-9C1E1BA2A9F9}.Debug|Any CPU.ActiveCfg = Debug|Any CPU
		{F5BBB03E-844E-A055-EA99-9C1E1BA2A9F9}.Debug|Any CPU.Build.0 = Debug|Any CPU
		{F5BBB03E-844E-A055-EA99-9C1E1BA2A9F9}.Release|Any CPU.ActiveCfg = Release|Any CPU
		{F5BBB03E-844E-A055-EA99-9C1E1BA2A9F9}.Release|Any CPU.Build.0 = Release|Any CPU
		{A40A2791-70BE-25FE-E544-89C7AD216F81}.Debug|Any CPU.ActiveCfg = Debug|Any CPU
		{A40A2791-70BE-25FE-E544-89C7AD216F81}.Debug|Any CPU.Build.0 = Debug|Any CPU
		{A40A2791-70BE-25FE-E544-89C7AD216F81}.Release|Any CPU.ActiveCfg = Release|Any CPU
		{A40A2791-70BE-25FE-E544-89C7AD216F81}.Release|Any CPU.Build.0 = Release|Any CPU
	EndGlobalSection
	GlobalSection(SolutionProperties) = preSolution
		HideSolutionNode = FALSE
	EndGlobalSection
	GlobalSection(MonoDevelopProperties) = preSolution
		StartupItem = Assembly-CSharp.csproj
	EndGlobalSection
EndGlobal
